
Microsoft Visual Studio Solution File, Format Version 12.00
# Visual Studio 15
VisualStudioVersion = 15.0.28307.329
MinimumVisualStudioVersion = 10.0.40219.1
Project("{FAE04EC0-301F-11D3-BF4B-00C04F79EFBC}") = "Marimaba en de Bas", "Marimaba en de Bas\Marimaba en de Bas.csproj", "{FB9D6D81-5EE8-4745-82E2-F00C8F023FB2}"
EndProject
Global
	GlobalSection(SolutionConfigurationPlatforms) = preSolution
		Debug|Any CPU = Debug|Any CPU
		Release|Any CPU = Release|Any CPU
	EndGlobalSection
	GlobalSection(ProjectConfigurationPlatforms) = postSolution
		{FB9D6D81-5EE8-4745-82E2-F00C8F023FB2}.Debug|Any CPU.ActiveCfg = Debug|Any CPU
		{FB9D6D81-5EE8-4745-82E2-F00C8F023FB2}.Debug|Any CPU.Build.0 = Debug|Any CPU
		{FB9D6D81-5EE8-4745-82E2-F00C8F023FB2}.Release|Any CPU.ActiveCfg = Release|Any CPU
		{FB9D6D81-5EE8-4745-82E2-F00C8F023FB2}.Release|Any CPU.Build.0 = Release|Any CPU
	EndGlobalSection
	GlobalSection(SolutionProperties) = preSolution
		HideSolutionNode = FALSE
	EndGlobalSection
	GlobalSection(ExtensibilityGlobals) = postSolution
		SolutionGuid = {7FCC09FD-8BD9-4478-898D-6A4172398278}
	EndGlobalSection
EndGlobal
