
Microsoft Visual Studio Solution File, Format Version 12.00
# Visual Studio 15
VisualStudioVersion = 15.0.28307.329
MinimumVisualStudioVersion = 10.0.40219.1
Project("{FAE04EC0-301F-11D3-BF4B-00C04F79EFBC}") = "Auto Dagwaarde", "Auto Dagwaarde\Auto Dagwaarde.csproj", "{BFEE0B6F-2AA4-4F64-BF8B-83C2FCF4FE45}"
EndProject
Global
	GlobalSection(SolutionConfigurationPlatforms) = preSolution
		Debug|Any CPU = Debug|Any CPU
		Release|Any CPU = Release|Any CPU
	EndGlobalSection
	GlobalSection(ProjectConfigurationPlatforms) = postSolution
		{BFEE0B6F-2AA4-4F64-BF8B-83C2FCF4FE45}.Debug|Any CPU.ActiveCfg = Debug|Any CPU
		{BFEE0B6F-2AA4-4F64-BF8B-83C2FCF4FE45}.Debug|Any CPU.Build.0 = Debug|Any CPU
		{BFEE0B6F-2AA4-4F64-BF8B-83C2FCF4FE45}.Release|Any CPU.ActiveCfg = Release|Any CPU
		{BFEE0B6F-2AA4-4F64-BF8B-83C2FCF4FE45}.Release|Any CPU.Build.0 = Release|Any CPU
	EndGlobalSection
	GlobalSection(SolutionProperties) = preSolution
		HideSolutionNode = FALSE
	EndGlobalSection
	GlobalSection(ExtensibilityGlobals) = postSolution
		SolutionGuid = {19554824-E8ED-4F9C-893D-DD597596124E}
	EndGlobalSection
EndGlobal
