
Microsoft Visual Studio Solution File, Format Version 12.00
# Visual Studio 15
VisualStudioVersion = 15.0.28307.329
MinimumVisualStudioVersion = 10.0.40219.1
Project("{FAE04EC0-301F-11D3-BF4B-00C04F79EFBC}") = "BattleSim", "BattleSim\BattleSim.csproj", "{69D634DE-1EDF-4A5F-971B-4E34F9DC0D55}"
EndProject
Global
	GlobalSection(SolutionConfigurationPlatforms) = preSolution
		Debug|Any CPU = Debug|Any CPU
		Release|Any CPU = Release|Any CPU
	EndGlobalSection
	GlobalSection(ProjectConfigurationPlatforms) = postSolution
		{69D634DE-1EDF-4A5F-971B-4E34F9DC0D55}.Debug|Any CPU.ActiveCfg = Debug|Any CPU
		{69D634DE-1EDF-4A5F-971B-4E34F9DC0D55}.Debug|Any CPU.Build.0 = Debug|Any CPU
		{69D634DE-1EDF-4A5F-971B-4E34F9DC0D55}.Release|Any CPU.ActiveCfg = Release|Any CPU
		{69D634DE-1EDF-4A5F-971B-4E34F9DC0D55}.Release|Any CPU.Build.0 = Release|Any CPU
	EndGlobalSection
	GlobalSection(SolutionProperties) = preSolution
		HideSolutionNode = FALSE
	EndGlobalSection
	GlobalSection(ExtensibilityGlobals) = postSolution
		SolutionGuid = {92EEE69F-4391-4C42-BEDD-B847643CA1E8}
	EndGlobalSection
EndGlobal
