
Microsoft Visual Studio Solution File, Format Version 12.00
# Visual Studio 15
VisualStudioVersion = 15.0.28307.329
MinimumVisualStudioVersion = 10.0.40219.1
Project("{FAE04EC0-301F-11D3-BF4B-00C04F79EFBC}") = "Demo", "Demo\Demo.csproj", "{C5E15B25-69DE-41FF-82F0-442472778CF0}"
EndProject
Global
	GlobalSection(SolutionConfigurationPlatforms) = preSolution
		Debug|Any CPU = Debug|Any CPU
		Release|Any CPU = Release|Any CPU
	EndGlobalSection
	GlobalSection(ProjectConfigurationPlatforms) = postSolution
		{C5E15B25-69DE-41FF-82F0-442472778CF0}.Debug|Any CPU.ActiveCfg = Debug|Any CPU
		{C5E15B25-69DE-41FF-82F0-442472778CF0}.Debug|Any CPU.Build.0 = Debug|Any CPU
		{C5E15B25-69DE-41FF-82F0-442472778CF0}.Release|Any CPU.ActiveCfg = Release|Any CPU
		{C5E15B25-69DE-41FF-82F0-442472778CF0}.Release|Any CPU.Build.0 = Release|Any CPU
	EndGlobalSection
	GlobalSection(SolutionProperties) = preSolution
		HideSolutionNode = FALSE
	EndGlobalSection
	GlobalSection(ExtensibilityGlobals) = postSolution
		SolutionGuid = {D6DFED7C-2987-4D90-8FF9-92BEABEB9521}
	EndGlobalSection
EndGlobal
